# This file was autogenerated by Stack.
# You should not edit this file by hand.
# For more information, please see the documentation at:
#   https://docs.haskellstack.org/en/stable/lock_files

packages:
- completed:
    hackage: split-0.2.4@sha256:e9f326f46b3daf2c1432e162c047388729e1ca746e0ca5c271b1d1b93c57f1e4,2614
    pantry-tree:
      sha256: 0e59550a8139f0e4f625113218accad71d326ab197ea871d6c44f4cd815b170c
      size: 443
  original:
    hackage: split-0.2.4
- completed:
    hackage: regex-pcre-0.95.0.0@sha256:2d4a22e9caaacea2961fec3027090cd78ac07fc278282d9a7a8b55e38d4197e6,2417
    pantry-tree:
      sha256: 80cb5bda0884c16fa65cdbbf2b8b736a25de1bc8f680b121c163da7e9dea30a2
      size: 634
  original:
    hackage: regex-pcre-0.95.0.0
snapshots:
- completed:
    sha256: 72e87841a0ab5b72f6f018e8ee692fd972b7bb32a944990f028e10d6eb528e63
    size: 567679
    url: https://raw.githubusercontent.com/commercialhaskell/stackage-snapshots/master/lts/17/15.yaml
  original: lts-17.15
