# This file was autogenerated by Stack.
# You should not edit this file by hand.
# For more information, please see the documentation at:
#   https://docs.haskellstack.org/en/stable/lock_files

packages:
- completed:
    hackage: split-0.2.4@sha256:e9f326f46b3daf2c1432e162c047388729e1ca746e0ca5c271b1d1b93c57f1e4,2614
    pantry-tree:
      sha256: 0e59550a8139f0e4f625113218accad71d326ab197ea871d6c44f4cd815b170c
      size: 443
  original:
    hackage: split-0.2.4
- completed:
    hackage: containers-0.6.7@sha256:4aad61c33b21e453e5d18a465e674898fded282f233ffd154b48acc540c89537,2655
    pantry-tree:
      sha256: d3430bcc4beafe609d6c5cd4a607549ee4ffe0eafc2ebb9c87b5e7b1b20b24d8
      size: 2902
  original:
    hackage: containers-0.6.7
snapshots: []
